
Microsoft Visual Studio Solution File, Format Version 12.00
# Visual Studio 15
VisualStudioVersion = 15.0.27703.2000
MinimumVisualStudioVersion = 10.0.40219.1
Project("{FAE04EC0-301F-11D3-BF4B-00C04F79EFBC}") = "MovieRating", "MovieRating\MovieRating.csproj", "{BCA7E1E0-D99A-416F-9C24-D9746D8BE0B6}"
EndProject
Project("{FAE04EC0-301F-11D3-BF4B-00C04F79EFBC}") = "MovieRatingTests", "MovieRatingTests\MovieRatingTests.csproj", "{946CFB43-6ED2-4EF5-A5D5-9CB278CA01C8}"
EndProject
Global
	GlobalSection(SolutionConfigurationPlatforms) = preSolution
		Debug|Any CPU = Debug|Any CPU
		Release|Any CPU = Release|Any CPU
	EndGlobalSection
	GlobalSection(ProjectConfigurationPlatforms) = postSolution
		{BCA7E1E0-D99A-416F-9C24-D9746D8BE0B6}.Debug|Any CPU.ActiveCfg = Debug|Any CPU
		{BCA7E1E0-D99A-416F-9C24-D9746D8BE0B6}.Debug|Any CPU.Build.0 = Debug|Any CPU
		{BCA7E1E0-D99A-416F-9C24-D9746D8BE0B6}.Release|Any CPU.ActiveCfg = Release|Any CPU
		{BCA7E1E0-D99A-416F-9C24-D9746D8BE0B6}.Release|Any CPU.Build.0 = Release|Any CPU
		{946CFB43-6ED2-4EF5-A5D5-9CB278CA01C8}.Debug|Any CPU.ActiveCfg = Debug|Any CPU
		{946CFB43-6ED2-4EF5-A5D5-9CB278CA01C8}.Debug|Any CPU.Build.0 = Debug|Any CPU
		{946CFB43-6ED2-4EF5-A5D5-9CB278CA01C8}.Release|Any CPU.ActiveCfg = Release|Any CPU
		{946CFB43-6ED2-4EF5-A5D5-9CB278CA01C8}.Release|Any CPU.Build.0 = Release|Any CPU
	EndGlobalSection
	GlobalSection(SolutionProperties) = preSolution
		HideSolutionNode = FALSE
	EndGlobalSection
	GlobalSection(ExtensibilityGlobals) = postSolution
		SolutionGuid = {727D961E-6F1A-4C5E-AC12-05B3EB9D4CA2}
	EndGlobalSection
EndGlobal
